
Microsoft Visual Studio Solution File, Format Version 12.00
# Visual Studio Version 17
VisualStudioVersion = 17.3.32819.101
MinimumVisualStudioVersion = 10.0.40219.1
Project("{8BC9CEB8-8B4A-11D0-8D11-00A0C91BC942}") = "practice_18_test3", "practice_18_test3.vcxproj", "{A181E264-BF4C-4E56-884F-EEC3DF8A925E}"
EndProject
Global
	GlobalSection(SolutionConfigurationPlatforms) = preSolution
		Debug|x64 = Debug|x64
		Debug|x86 = Debug|x86
		Release|x64 = Release|x64
		Release|x86 = Release|x86
	EndGlobalSection
	GlobalSection(ProjectConfigurationPlatforms) = postSolution
		{A181E264-BF4C-4E56-884F-EEC3DF8A925E}.Debug|x64.ActiveCfg = Debug|x64
		{A181E264-BF4C-4E56-884F-EEC3DF8A925E}.Debug|x64.Build.0 = Debug|x64
		{A181E264-BF4C-4E56-884F-EEC3DF8A925E}.Debug|x86.ActiveCfg = Debug|Win32
		{A181E264-BF4C-4E56-884F-EEC3DF8A925E}.Debug|x86.Build.0 = Debug|Win32
		{A181E264-BF4C-4E56-884F-EEC3DF8A925E}.Release|x64.ActiveCfg = Release|x64
		{A181E264-BF4C-4E56-884F-EEC3DF8A925E}.Release|x64.Build.0 = Release|x64
		{A181E264-BF4C-4E56-884F-EEC3DF8A925E}.Release|x86.ActiveCfg = Release|Win32
		{A181E264-BF4C-4E56-884F-EEC3DF8A925E}.Release|x86.Build.0 = Release|Win32
	EndGlobalSection
	GlobalSection(SolutionProperties) = preSolution
		HideSolutionNode = FALSE
	EndGlobalSection
	GlobalSection(ExtensibilityGlobals) = postSolution
		SolutionGuid = {7D2EDB99-1E2D-45FD-BC5F-5A7273F90BB5}
	EndGlobalSection
EndGlobal
