
Microsoft Visual Studio Solution File, Format Version 12.00
# Visual Studio Version 17
VisualStudioVersion = 17.3.32819.101
MinimumVisualStudioVersion = 10.0.40219.1
Project("{8BC9CEB8-8B4A-11D0-8D11-00A0C91BC942}") = "practice_18_test4", "practice_18_test4.vcxproj", "{82460E87-DC5E-432A-B1E5-CE69C5FBB55A}"
EndProject
Global
	GlobalSection(SolutionConfigurationPlatforms) = preSolution
		Debug|x64 = Debug|x64
		Debug|x86 = Debug|x86
		Release|x64 = Release|x64
		Release|x86 = Release|x86
	EndGlobalSection
	GlobalSection(ProjectConfigurationPlatforms) = postSolution
		{82460E87-DC5E-432A-B1E5-CE69C5FBB55A}.Debug|x64.ActiveCfg = Debug|x64
		{82460E87-DC5E-432A-B1E5-CE69C5FBB55A}.Debug|x64.Build.0 = Debug|x64
		{82460E87-DC5E-432A-B1E5-CE69C5FBB55A}.Debug|x86.ActiveCfg = Debug|Win32
		{82460E87-DC5E-432A-B1E5-CE69C5FBB55A}.Debug|x86.Build.0 = Debug|Win32
		{82460E87-DC5E-432A-B1E5-CE69C5FBB55A}.Release|x64.ActiveCfg = Release|x64
		{82460E87-DC5E-432A-B1E5-CE69C5FBB55A}.Release|x64.Build.0 = Release|x64
		{82460E87-DC5E-432A-B1E5-CE69C5FBB55A}.Release|x86.ActiveCfg = Release|Win32
		{82460E87-DC5E-432A-B1E5-CE69C5FBB55A}.Release|x86.Build.0 = Release|Win32
	EndGlobalSection
	GlobalSection(SolutionProperties) = preSolution
		HideSolutionNode = FALSE
	EndGlobalSection
	GlobalSection(ExtensibilityGlobals) = postSolution
		SolutionGuid = {B98BD349-7982-4CA6-AF98-8C2475E85660}
	EndGlobalSection
EndGlobal
