
Microsoft Visual Studio Solution File, Format Version 12.00
# Visual Studio Version 17
VisualStudioVersion = 17.3.32819.101
MinimumVisualStudioVersion = 10.0.40219.1
Project("{8BC9CEB8-8B4A-11D0-8D11-00A0C91BC942}") = "practice_12", "practice_12.vcxproj", "{D5B70515-BFC9-420D-855C-5623CDD83135}"
EndProject
Global
	GlobalSection(SolutionConfigurationPlatforms) = preSolution
		Debug|x64 = Debug|x64
		Debug|x86 = Debug|x86
		Release|x64 = Release|x64
		Release|x86 = Release|x86
	EndGlobalSection
	GlobalSection(ProjectConfigurationPlatforms) = postSolution
		{D5B70515-BFC9-420D-855C-5623CDD83135}.Debug|x64.ActiveCfg = Debug|x64
		{D5B70515-BFC9-420D-855C-5623CDD83135}.Debug|x64.Build.0 = Debug|x64
		{D5B70515-BFC9-420D-855C-5623CDD83135}.Debug|x86.ActiveCfg = Debug|Win32
		{D5B70515-BFC9-420D-855C-5623CDD83135}.Debug|x86.Build.0 = Debug|Win32
		{D5B70515-BFC9-420D-855C-5623CDD83135}.Release|x64.ActiveCfg = Release|x64
		{D5B70515-BFC9-420D-855C-5623CDD83135}.Release|x64.Build.0 = Release|x64
		{D5B70515-BFC9-420D-855C-5623CDD83135}.Release|x86.ActiveCfg = Release|Win32
		{D5B70515-BFC9-420D-855C-5623CDD83135}.Release|x86.Build.0 = Release|Win32
	EndGlobalSection
	GlobalSection(SolutionProperties) = preSolution
		HideSolutionNode = FALSE
	EndGlobalSection
	GlobalSection(ExtensibilityGlobals) = postSolution
		SolutionGuid = {0F8E4608-131F-422D-903B-6E3173DB564F}
	EndGlobalSection
EndGlobal
